
Microsoft Visual Studio Solution File, Format Version 12.00
# Visual Studio 15
VisualStudioVersion = 15.0.26730.15
MinimumVisualStudioVersion = 10.0.40219.1
Project("{FAE04EC0-301F-11D3-BF4B-00C04F79EFBC}") = "Crip.Samples", "Crip.Samples\Crip.Samples.csproj", "{374814A2-23BD-4309-902B-7ABD69AA3427}"
EndProject
Project("{FAE04EC0-301F-11D3-BF4B-00C04F79EFBC}") = "Crip.Samples.Web", "Crip.Samples.Web\Crip.Samples.Web.csproj", "{3E3C56E3-7DF8-42D0-A851-7F8A517E14FE}"
EndProject
Project("{FAE04EC0-301F-11D3-BF4B-00C04F79EFBC}") = "Crip.Samples.Models", "Crip.Samples.Models\Crip.Samples.Models.csproj", "{2F8BB314-F48E-4D4C-AA04-483A3B407FE0}"
EndProject
Project("{FAE04EC0-301F-11D3-BF4B-00C04F79EFBC}") = "Crip.Samples.Services", "Crip.Samples.Services\Crip.Samples.Services.csproj", "{6E705C00-F7D2-48E3-99E6-A00489E10178}"
EndProject
Project("{2150E333-8FDC-42A3-9474-1A3956D46DE8}") = "Solution Items", "Solution Items", "{2E62B9F5-C88A-493D-B580-8D35B51D4FC3}"
	ProjectSection(SolutionItems) = preProject
		scripts\help.ps1 = scripts\help.ps1
		README.md = README.md
		scripts\rename.ps1 = scripts\rename.ps1
		scripts\settings.ps1 = scripts\settings.ps1
	EndProjectSection
EndProject
Project("{2150E333-8FDC-42A3-9474-1A3956D46DE8}") = "Tests", "Tests", "{F81F38ED-C458-4008-B6CB-9C735CB272ED}"
EndProject
Project("{FAE04EC0-301F-11D3-BF4B-00C04F79EFBC}") = "Crip.Samples.Data", "Crip.Samples.Data\Crip.Samples.Data.csproj", "{2CF5E9EA-BF44-40A5-BE3F-52697D37CC35}"
EndProject
Project("{FAE04EC0-301F-11D3-BF4B-00C04F79EFBC}") = "Crip.Samples.Tests", "Crip.Samples.Tests\Crip.Samples.Tests.csproj", "{B5841EA8-F69D-4D82-9B7A-874E1D33B879}"
EndProject
Global
	GlobalSection(SolutionConfigurationPlatforms) = preSolution
		Debug|Any CPU = Debug|Any CPU
		Release|Any CPU = Release|Any CPU
	EndGlobalSection
	GlobalSection(ProjectConfigurationPlatforms) = postSolution
		{374814A2-23BD-4309-902B-7ABD69AA3427}.Debug|Any CPU.ActiveCfg = Debug|Any CPU
		{374814A2-23BD-4309-902B-7ABD69AA3427}.Debug|Any CPU.Build.0 = Debug|Any CPU
		{374814A2-23BD-4309-902B-7ABD69AA3427}.Release|Any CPU.ActiveCfg = Release|Any CPU
		{374814A2-23BD-4309-902B-7ABD69AA3427}.Release|Any CPU.Build.0 = Release|Any CPU
		{3E3C56E3-7DF8-42D0-A851-7F8A517E14FE}.Debug|Any CPU.ActiveCfg = Debug|Any CPU
		{3E3C56E3-7DF8-42D0-A851-7F8A517E14FE}.Debug|Any CPU.Build.0 = Debug|Any CPU
		{3E3C56E3-7DF8-42D0-A851-7F8A517E14FE}.Release|Any CPU.ActiveCfg = Release|Any CPU
		{3E3C56E3-7DF8-42D0-A851-7F8A517E14FE}.Release|Any CPU.Build.0 = Release|Any CPU
		{2F8BB314-F48E-4D4C-AA04-483A3B407FE0}.Debug|Any CPU.ActiveCfg = Debug|Any CPU
		{2F8BB314-F48E-4D4C-AA04-483A3B407FE0}.Debug|Any CPU.Build.0 = Debug|Any CPU
		{2F8BB314-F48E-4D4C-AA04-483A3B407FE0}.Release|Any CPU.ActiveCfg = Release|Any CPU
		{2F8BB314-F48E-4D4C-AA04-483A3B407FE0}.Release|Any CPU.Build.0 = Release|Any CPU
		{6E705C00-F7D2-48E3-99E6-A00489E10178}.Debug|Any CPU.ActiveCfg = Debug|Any CPU
		{6E705C00-F7D2-48E3-99E6-A00489E10178}.Debug|Any CPU.Build.0 = Debug|Any CPU
		{6E705C00-F7D2-48E3-99E6-A00489E10178}.Release|Any CPU.ActiveCfg = Release|Any CPU
		{6E705C00-F7D2-48E3-99E6-A00489E10178}.Release|Any CPU.Build.0 = Release|Any CPU
		{2CF5E9EA-BF44-40A5-BE3F-52697D37CC35}.Debug|Any CPU.ActiveCfg = Debug|Any CPU
		{2CF5E9EA-BF44-40A5-BE3F-52697D37CC35}.Debug|Any CPU.Build.0 = Debug|Any CPU
		{2CF5E9EA-BF44-40A5-BE3F-52697D37CC35}.Release|Any CPU.ActiveCfg = Release|Any CPU
		{2CF5E9EA-BF44-40A5-BE3F-52697D37CC35}.Release|Any CPU.Build.0 = Release|Any CPU
		{B5841EA8-F69D-4D82-9B7A-874E1D33B879}.Debug|Any CPU.ActiveCfg = Debug|Any CPU
		{B5841EA8-F69D-4D82-9B7A-874E1D33B879}.Debug|Any CPU.Build.0 = Debug|Any CPU
		{B5841EA8-F69D-4D82-9B7A-874E1D33B879}.Release|Any CPU.ActiveCfg = Release|Any CPU
		{B5841EA8-F69D-4D82-9B7A-874E1D33B879}.Release|Any CPU.Build.0 = Release|Any CPU
	EndGlobalSection
	GlobalSection(SolutionProperties) = preSolution
		HideSolutionNode = FALSE
	EndGlobalSection
	GlobalSection(NestedProjects) = preSolution
		{B5841EA8-F69D-4D82-9B7A-874E1D33B879} = {F81F38ED-C458-4008-B6CB-9C735CB272ED}
	EndGlobalSection
	GlobalSection(ExtensibilityGlobals) = postSolution
		SolutionGuid = {13ADBA4B-42C7-4EC1-95AA-6E7E4E7DA1C1}
	EndGlobalSection
EndGlobal
